
Microsoft Visual Studio Solution File, Format Version 12.00
# Visual Studio Version 16
VisualStudioVersion = 16.0.31410.357
MinimumVisualStudioVersion = 10.0.40219.1
Project("{FAE04EC0-301F-11D3-BF4B-00C04F79EFBC}") = "kinectTutorial05", "kinectTutorial05.csproj", "{6AC8FFA1-CE7E-4982-B13A-4BE54DFBFE1B}"
EndProject
Global
	GlobalSection(SolutionConfigurationPlatforms) = preSolution
		Debug|Any CPU = Debug|Any CPU
		Debug|x64 = Debug|x64
		Release|Any CPU = Release|Any CPU
		Release|x64 = Release|x64
	EndGlobalSection
	GlobalSection(ProjectConfigurationPlatforms) = postSolution
		{6AC8FFA1-CE7E-4982-B13A-4BE54DFBFE1B}.Debug|Any CPU.ActiveCfg = Debug|Any CPU
		{6AC8FFA1-CE7E-4982-B13A-4BE54DFBFE1B}.Debug|Any CPU.Build.0 = Debug|Any CPU
		{6AC8FFA1-CE7E-4982-B13A-4BE54DFBFE1B}.Debug|x64.ActiveCfg = Debug|x64
		{6AC8FFA1-CE7E-4982-B13A-4BE54DFBFE1B}.Debug|x64.Build.0 = Debug|x64
		{6AC8FFA1-CE7E-4982-B13A-4BE54DFBFE1B}.Release|Any CPU.ActiveCfg = Release|Any CPU
		{6AC8FFA1-CE7E-4982-B13A-4BE54DFBFE1B}.Release|Any CPU.Build.0 = Release|Any CPU
		{6AC8FFA1-CE7E-4982-B13A-4BE54DFBFE1B}.Release|x64.ActiveCfg = Release|x64
		{6AC8FFA1-CE7E-4982-B13A-4BE54DFBFE1B}.Release|x64.Build.0 = Release|x64
	EndGlobalSection
	GlobalSection(SolutionProperties) = preSolution
		HideSolutionNode = FALSE
	EndGlobalSection
	GlobalSection(ExtensibilityGlobals) = postSolution
		SolutionGuid = {A24141F8-2550-4E4B-817C-888C854547A8}
	EndGlobalSection
EndGlobal
