
Microsoft Visual Studio Solution File, Format Version 12.00
# Visual Studio Version 16
VisualStudioVersion = 16.0.31321.278
MinimumVisualStudioVersion = 10.0.40219.1
Project("{FAE04EC0-301F-11D3-BF4B-00C04F79EFBC}") = "kinectTutorial04", "kinectTutorial04.csproj", "{02001345-1103-43A6-838E-F691FCDCE7FA}"
EndProject
Global
	GlobalSection(SolutionConfigurationPlatforms) = preSolution
		Debug|Any CPU = Debug|Any CPU
		Debug|x64 = Debug|x64
		Release|Any CPU = Release|Any CPU
		Release|x64 = Release|x64
	EndGlobalSection
	GlobalSection(ProjectConfigurationPlatforms) = postSolution
		{02001345-1103-43A6-838E-F691FCDCE7FA}.Debug|Any CPU.ActiveCfg = Debug|Any CPU
		{02001345-1103-43A6-838E-F691FCDCE7FA}.Debug|Any CPU.Build.0 = Debug|Any CPU
		{02001345-1103-43A6-838E-F691FCDCE7FA}.Debug|x64.ActiveCfg = Debug|x64
		{02001345-1103-43A6-838E-F691FCDCE7FA}.Debug|x64.Build.0 = Debug|x64
		{02001345-1103-43A6-838E-F691FCDCE7FA}.Release|Any CPU.ActiveCfg = Release|Any CPU
		{02001345-1103-43A6-838E-F691FCDCE7FA}.Release|Any CPU.Build.0 = Release|Any CPU
		{02001345-1103-43A6-838E-F691FCDCE7FA}.Release|x64.ActiveCfg = Release|x64
		{02001345-1103-43A6-838E-F691FCDCE7FA}.Release|x64.Build.0 = Release|x64
	EndGlobalSection
	GlobalSection(SolutionProperties) = preSolution
		HideSolutionNode = FALSE
	EndGlobalSection
	GlobalSection(ExtensibilityGlobals) = postSolution
		SolutionGuid = {B75ACC0E-01D7-4ADB-97A9-F37B3D1D4126}
	EndGlobalSection
EndGlobal
