
Microsoft Visual Studio Solution File, Format Version 12.00
# Visual Studio Version 16
VisualStudioVersion = 16.0.31321.278
MinimumVisualStudioVersion = 10.0.40219.1
Project("{FAE04EC0-301F-11D3-BF4B-00C04F79EFBC}") = "kinectTutorial02", "kinectTutorial02.csproj", "{CD50F007-D645-4FD2-9547-BCFEE768A29A}"
EndProject
Global
	GlobalSection(SolutionConfigurationPlatforms) = preSolution
		Debug|Any CPU = Debug|Any CPU
		Debug|x64 = Debug|x64
		Release|Any CPU = Release|Any CPU
		Release|x64 = Release|x64
	EndGlobalSection
	GlobalSection(ProjectConfigurationPlatforms) = postSolution
		{CD50F007-D645-4FD2-9547-BCFEE768A29A}.Debug|Any CPU.ActiveCfg = Debug|Any CPU
		{CD50F007-D645-4FD2-9547-BCFEE768A29A}.Debug|Any CPU.Build.0 = Debug|Any CPU
		{CD50F007-D645-4FD2-9547-BCFEE768A29A}.Debug|x64.ActiveCfg = Debug|x64
		{CD50F007-D645-4FD2-9547-BCFEE768A29A}.Debug|x64.Build.0 = Debug|x64
		{CD50F007-D645-4FD2-9547-BCFEE768A29A}.Release|Any CPU.ActiveCfg = Release|Any CPU
		{CD50F007-D645-4FD2-9547-BCFEE768A29A}.Release|Any CPU.Build.0 = Release|Any CPU
		{CD50F007-D645-4FD2-9547-BCFEE768A29A}.Release|x64.ActiveCfg = Release|x64
		{CD50F007-D645-4FD2-9547-BCFEE768A29A}.Release|x64.Build.0 = Release|x64
	EndGlobalSection
	GlobalSection(SolutionProperties) = preSolution
		HideSolutionNode = FALSE
	EndGlobalSection
	GlobalSection(ExtensibilityGlobals) = postSolution
		SolutionGuid = {9889776C-72C6-4691-97B6-0A101C1B7106}
	EndGlobalSection
EndGlobal
